// !$*UTF8*$!
{
	archiveVersion = 1;
	classes = {
	};
	objectVersion = 56;
	objects = {

/* Begin PBXBuildFile section */
		340097252B871B9100E03398 /* MealView.swift in Sources */ = {isa = PBXBuildFile; fileRef = 340097242B871B9100E03398 /* MealView.swift */; };
		3423067F2B7D962E00DF7574 /* CookbookApp.swift in Sources */ = {isa = PBXBuildFile; fileRef = 3423067E2B7D962E00DF7574 /* CookbookApp.swift */; };
		342306832B7D963200DF7574 /* Assets.xcassets in Resources */ = {isa = PBXBuildFile; fileRef = 342306822B7D963200DF7574 /* Assets.xcassets */; };
		342306862B7D963200DF7574 /* Preview Assets.xcassets in Resources */ = {isa = PBXBuildFile; fileRef = 342306852B7D963200DF7574 /* Preview Assets.xcassets */; };
		3423068B2B7D963200DF7574 /* Cookbook.xcdatamodeld in Sources */ = {isa = PBXBuildFile; fileRef = 342306892B7D963200DF7574 /* Cookbook.xcdatamodeld */; };
		342306952B7D972F00DF7574 /* PersistentContainer.swift in Sources */ = {isa = PBXBuildFile; fileRef = 342306932B7D972F00DF7574 /* PersistentContainer.swift */; };
		342306AD2B7D976400DF7574 /* ImageService.swift in Sources */ = {isa = PBXBuildFile; fileRef = 342306972B7D976400DF7574 /* ImageService.swift */; };
		342306AE2B7D976400DF7574 /* RecipeResponse.swift in Sources */ = {isa = PBXBuildFile; fileRef = 342306982B7D976400DF7574 /* RecipeResponse.swift */; };
		342306AF2B7D976400DF7574 /* Recipe.swift in Sources */ = {isa = PBXBuildFile; fileRef = 342306992B7D976400DF7574 /* Recipe.swift */; };
		342306B02B7D976400DF7574 /* MealResponse.swift in Sources */ = {isa = PBXBuildFile; fileRef = 3423069A2B7D976400DF7574 /* MealResponse.swift */; };
		342306B12B7D976400DF7574 /* TheMealDBService.swift in Sources */ = {isa = PBXBuildFile; fileRef = 3423069B2B7D976400DF7574 /* TheMealDBService.swift */; };
		342306B22B7D976400DF7574 /* MealCategory.swift in Sources */ = {isa = PBXBuildFile; fileRef = 3423069C2B7D976400DF7574 /* MealCategory.swift */; };
		342306B32B7D976400DF7574 /* Meal.swift in Sources */ = {isa = PBXBuildFile; fileRef = 3423069D2B7D976400DF7574 /* Meal.swift */; };
		342306B42B7D976400DF7574 /* MealCategoryResponse.swift in Sources */ = {isa = PBXBuildFile; fileRef = 3423069E2B7D976400DF7574 /* MealCategoryResponse.swift */; };
		342306B52B7D976400DF7574 /* Ingredient.swift in Sources */ = {isa = PBXBuildFile; fileRef = 3423069F2B7D976400DF7574 /* Ingredient.swift */; };
		342306B62B7D976400DF7574 /* ServiceError.swift in Sources */ = {isa = PBXBuildFile; fileRef = 342306A12B7D976400DF7574 /* ServiceError.swift */; };
		342306B72B7D976400DF7574 /* ServiceClient.swift in Sources */ = {isa = PBXBuildFile; fileRef = 342306A22B7D976400DF7574 /* ServiceClient.swift */; };
		342306B82B7D976400DF7574 /* ImageRepository.swift in Sources */ = {isa = PBXBuildFile; fileRef = 342306A42B7D976400DF7574 /* ImageRepository.swift */; };
		342306B92B7D976400DF7574 /* CookbookRepository.swift in Sources */ = {isa = PBXBuildFile; fileRef = 342306A52B7D976400DF7574 /* CookbookRepository.swift */; };
		342306BA2B7D976400DF7574 /* MealCategoryView.swift in Sources */ = {isa = PBXBuildFile; fileRef = 342306A72B7D976400DF7574 /* MealCategoryView.swift */; };
		342306BB2B7D976400DF7574 /* RecipeView.swift in Sources */ = {isa = PBXBuildFile; fileRef = 342306A82B7D976400DF7574 /* RecipeView.swift */; };
		342306BC2B7D976400DF7574 /* CookbookView.swift in Sources */ = {isa = PBXBuildFile; fileRef = 342306A92B7D976400DF7574 /* CookbookView.swift */; };
		342306BD2B7D976400DF7574 /* SplashView.swift in Sources */ = {isa = PBXBuildFile; fileRef = 342306AA2B7D976400DF7574 /* SplashView.swift */; };
		342306BE2B7D976400DF7574 /* ContentView.swift in Sources */ = {isa = PBXBuildFile; fileRef = 342306AB2B7D976400DF7574 /* ContentView.swift */; };
		342306BF2B7D976400DF7574 /* MealListView.swift in Sources */ = {isa = PBXBuildFile; fileRef = 342306AC2B7D976400DF7574 /* MealListView.swift */; };
		342306C12B7D97F000DF7574 /* Localizable.xcstrings in Resources */ = {isa = PBXBuildFile; fileRef = 342306C02B7D97F000DF7574 /* Localizable.xcstrings */; };
		346640782B83BEFE00B4BCA7 /* CookbookTests.swift in Sources */ = {isa = PBXBuildFile; fileRef = 346640772B83BEFE00B4BCA7 /* CookbookTests.swift */; };
/* End PBXBuildFile section */

/* Begin PBXContainerItemProxy section */
		346640792B83BEFE00B4BCA7 /* PBXContainerItemProxy */ = {
			isa = PBXContainerItemProxy;
			containerPortal = 342306732B7D962E00DF7574 /* Project object */;
			proxyType = 1;
			remoteGlobalIDString = 3423067A2B7D962E00DF7574;
			remoteInfo = Cookbook;
		};
/* End PBXContainerItemProxy section */

/* Begin PBXFileReference section */
		340097242B871B9100E03398 /* MealView.swift */ = {isa = PBXFileReference; lastKnownFileType = sourcecode.swift; path = MealView.swift; sourceTree = "<group>"; };
		3423067B2B7D962E00DF7574 /* Cookbook.app */ = {isa = PBXFileReference; explicitFileType = wrapper.application; includeInIndex = 0; path = Cookbook.app; sourceTree = BUILT_PRODUCTS_DIR; };
		3423067E2B7D962E00DF7574 /* CookbookApp.swift */ = {isa = PBXFileReference; lastKnownFileType = sourcecode.swift; path = CookbookApp.swift; sourceTree = "<group>"; };
		342306822B7D963200DF7574 /* Assets.xcassets */ = {isa = PBXFileReference; lastKnownFileType = folder.assetcatalog; path = Assets.xcassets; sourceTree = "<group>"; };
		342306852B7D963200DF7574 /* Preview Assets.xcassets */ = {isa = PBXFileReference; lastKnownFileType = folder.assetcatalog; path = "Preview Assets.xcassets"; sourceTree = "<group>"; };
		3423068A2B7D963200DF7574 /* Cookbook.xcdatamodel */ = {isa = PBXFileReference; lastKnownFileType = wrapper.xcdatamodel; path = Cookbook.xcdatamodel; sourceTree = "<group>"; };
		342306932B7D972F00DF7574 /* PersistentContainer.swift */ = {isa = PBXFileReference; fileEncoding = 4; lastKnownFileType = sourcecode.swift; path = PersistentContainer.swift; sourceTree = "<group>"; };
		342306972B7D976400DF7574 /* ImageService.swift */ = {isa = PBXFileReference; fileEncoding = 4; lastKnownFileType = sourcecode.swift; path = ImageService.swift; sourceTree = "<group>"; };
		342306982B7D976400DF7574 /* RecipeResponse.swift */ = {isa = PBXFileReference; fileEncoding = 4; lastKnownFileType = sourcecode.swift; path = RecipeResponse.swift; sourceTree = "<group>"; };
		342306992B7D976400DF7574 /* Recipe.swift */ = {isa = PBXFileReference; fileEncoding = 4; lastKnownFileType = sourcecode.swift; path = Recipe.swift; sourceTree = "<group>"; };
		3423069A2B7D976400DF7574 /* MealResponse.swift */ = {isa = PBXFileReference; fileEncoding = 4; lastKnownFileType = sourcecode.swift; path = MealResponse.swift; sourceTree = "<group>"; };
		3423069B2B7D976400DF7574 /* TheMealDBService.swift */ = {isa = PBXFileReference; fileEncoding = 4; lastKnownFileType = sourcecode.swift; path = TheMealDBService.swift; sourceTree = "<group>"; };
		3423069C2B7D976400DF7574 /* MealCategory.swift */ = {isa = PBXFileReference; fileEncoding = 4; lastKnownFileType = sourcecode.swift; path = MealCategory.swift; sourceTree = "<group>"; };
		3423069D2B7D976400DF7574 /* Meal.swift */ = {isa = PBXFileReference; fileEncoding = 4; lastKnownFileType = sourcecode.swift; path = Meal.swift; sourceTree = "<group>"; };
		3423069E2B7D976400DF7574 /* MealCategoryResponse.swift */ = {isa = PBXFileReference; fileEncoding = 4; lastKnownFileType = sourcecode.swift; path = MealCategoryResponse.swift; sourceTree = "<group>"; };
		3423069F2B7D976400DF7574 /* Ingredient.swift */ = {isa = PBXFileReference; fileEncoding = 4; lastKnownFileType = sourcecode.swift; path = Ingredient.swift; sourceTree = "<group>"; };
		342306A12B7D976400DF7574 /* ServiceError.swift */ = {isa = PBXFileReference; fileEncoding = 4; lastKnownFileType = sourcecode.swift; path = ServiceError.swift; sourceTree = "<group>"; };
		342306A22B7D976400DF7574 /* ServiceClient.swift */ = {isa = PBXFileReference; fileEncoding = 4; lastKnownFileType = sourcecode.swift; path = ServiceClient.swift; sourceTree = "<group>"; };
		342306A42B7D976400DF7574 /* ImageRepository.swift */ = {isa = PBXFileReference; fileEncoding = 4; lastKnownFileType = sourcecode.swift; path = ImageRepository.swift; sourceTree = "<group>"; };
		342306A52B7D976400DF7574 /* CookbookRepository.swift */ = {isa = PBXFileReference; fileEncoding = 4; lastKnownFileType = sourcecode.swift; path = CookbookRepository.swift; sourceTree = "<group>"; };
		342306A72B7D976400DF7574 /* MealCategoryView.swift */ = {isa = PBXFileReference; fileEncoding = 4; lastKnownFileType = sourcecode.swift; path = MealCategoryView.swift; sourceTree = "<group>"; };
		342306A82B7D976400DF7574 /* RecipeView.swift */ = {isa = PBXFileReference; fileEncoding = 4; lastKnownFileType = sourcecode.swift; path = RecipeView.swift; sourceTree = "<group>"; };
		342306A92B7D976400DF7574 /* CookbookView.swift */ = {isa = PBXFileReference; fileEncoding = 4; lastKnownFileType = sourcecode.swift; path = CookbookView.swift; sourceTree = "<group>"; };
		342306AA2B7D976400DF7574 /* SplashView.swift */ = {isa = PBXFileReference; fileEncoding = 4; lastKnownFileType = sourcecode.swift; path = SplashView.swift; sourceTree = "<group>"; };
		342306AB2B7D976400DF7574 /* ContentView.swift */ = {isa = PBXFileReference; fileEncoding = 4; lastKnownFileType = sourcecode.swift; path = ContentView.swift; sourceTree = "<group>"; };
		342306AC2B7D976400DF7574 /* MealListView.swift */ = {isa = PBXFileReference; fileEncoding = 4; lastKnownFileType = sourcecode.swift; path = MealListView.swift; sourceTree = "<group>"; };
		342306C02B7D97F000DF7574 /* Localizable.xcstrings */ = {isa = PBXFileReference; lastKnownFileType = text.json.xcstrings; path = Localizable.xcstrings; sourceTree = "<group>"; };
		346640752B83BEFE00B4BCA7 /* CookbookTests.xctest */ = {isa = PBXFileReference; explicitFileType = wrapper.cfbundle; includeInIndex = 0; path = CookbookTests.xctest; sourceTree = BUILT_PRODUCTS_DIR; };
		346640772B83BEFE00B4BCA7 /* CookbookTests.swift */ = {isa = PBXFileReference; lastKnownFileType = sourcecode.swift; path = CookbookTests.swift; sourceTree = "<group>"; };
/* End PBXFileReference section */

/* Begin PBXFrameworksBuildPhase section */
		342306782B7D962E00DF7574 /* Frameworks */ = {
			isa = PBXFrameworksBuildPhase;
			buildActionMask = 2147483647;
			files = (
			);
			runOnlyForDeploymentPostprocessing = 0;
		};
		346640722B83BEFE00B4BCA7 /* Frameworks */ = {
			isa = PBXFrameworksBuildPhase;
			buildActionMask = 2147483647;
			files = (
			);
			runOnlyForDeploymentPostprocessing = 0;
		};
/* End PBXFrameworksBuildPhase section */

/* Begin PBXGroup section */
		342306722B7D962E00DF7574 = {
			isa = PBXGroup;
			children = (
				3423067D2B7D962E00DF7574 /* Cookbook */,
				346640762B83BEFE00B4BCA7 /* CookbookTests */,
				3423067C2B7D962E00DF7574 /* Products */,
			);
			sourceTree = "<group>";
		};
		3423067C2B7D962E00DF7574 /* Products */ = {
			isa = PBXGroup;
			children = (
				3423067B2B7D962E00DF7574 /* Cookbook.app */,
				346640752B83BEFE00B4BCA7 /* CookbookTests.xctest */,
			);
			name = Products;
			sourceTree = "<group>";
		};
		3423067D2B7D962E00DF7574 /* Cookbook */ = {
			isa = PBXGroup;
			children = (
				3423067E2B7D962E00DF7574 /* CookbookApp.swift */,
				342306912B7D968800DF7574 /* CoreData */,
				342306A32B7D976400DF7574 /* Models */,
				342306962B7D976400DF7574 /* Service */,
				342306A02B7D976400DF7574 /* Shared */,
				342306A62B7D976400DF7574 /* Views */,
				342306822B7D963200DF7574 /* Assets.xcassets */,
				342306892B7D963200DF7574 /* Cookbook.xcdatamodeld */,
				342306C02B7D97F000DF7574 /* Localizable.xcstrings */,
				342306842B7D963200DF7574 /* Preview Content */,
			);
			path = Cookbook;
			sourceTree = "<group>";
		};
		342306842B7D963200DF7574 /* Preview Content */ = {
			isa = PBXGroup;
			children = (
				342306852B7D963200DF7574 /* Preview Assets.xcassets */,
			);
			path = "Preview Content";
			sourceTree = "<group>";
		};
		342306912B7D968800DF7574 /* CoreData */ = {
			isa = PBXGroup;
			children = (
				342306932B7D972F00DF7574 /* PersistentContainer.swift */,
			);
			path = CoreData;
			sourceTree = "<group>";
		};
		342306962B7D976400DF7574 /* Service */ = {
			isa = PBXGroup;
			children = (
				342306972B7D976400DF7574 /* ImageService.swift */,
				3423069F2B7D976400DF7574 /* Ingredient.swift */,
				3423069D2B7D976400DF7574 /* Meal.swift */,
				3423069C2B7D976400DF7574 /* MealCategory.swift */,
				3423069E2B7D976400DF7574 /* MealCategoryResponse.swift */,
				3423069A2B7D976400DF7574 /* MealResponse.swift */,
				342306992B7D976400DF7574 /* Recipe.swift */,
				342306982B7D976400DF7574 /* RecipeResponse.swift */,
				3423069B2B7D976400DF7574 /* TheMealDBService.swift */,
			);
			path = Service;
			sourceTree = "<group>";
		};
		342306A02B7D976400DF7574 /* Shared */ = {
			isa = PBXGroup;
			children = (
				342306A22B7D976400DF7574 /* ServiceClient.swift */,
				342306A12B7D976400DF7574 /* ServiceError.swift */,
			);
			path = Shared;
			sourceTree = "<group>";
		};
		342306A32B7D976400DF7574 /* Models */ = {
			isa = PBXGroup;
			children = (
				342306A52B7D976400DF7574 /* CookbookRepository.swift */,
				342306A42B7D976400DF7574 /* ImageRepository.swift */,
			);
			path = Models;
			sourceTree = "<group>";
		};
		342306A62B7D976400DF7574 /* Views */ = {
			isa = PBXGroup;
			children = (
				342306AB2B7D976400DF7574 /* ContentView.swift */,
				342306A92B7D976400DF7574 /* CookbookView.swift */,
				342306A72B7D976400DF7574 /* MealCategoryView.swift */,
				342306AC2B7D976400DF7574 /* MealListView.swift */,
				340097242B871B9100E03398 /* MealView.swift */,
				342306A82B7D976400DF7574 /* RecipeView.swift */,
				342306AA2B7D976400DF7574 /* SplashView.swift */,
			);
			path = Views;
			sourceTree = "<group>";
		};
		346640762B83BEFE00B4BCA7 /* CookbookTests */ = {
			isa = PBXGroup;
			children = (
				346640772B83BEFE00B4BCA7 /* CookbookTests.swift */,
			);
			path = CookbookTests;
			sourceTree = "<group>";
		};
/* End PBXGroup section */

/* Begin PBXNativeTarget section */
		3423067A2B7D962E00DF7574 /* Cookbook */ = {
			isa = PBXNativeTarget;
			buildConfigurationList = 3423068E2B7D963200DF7574 /* Build configuration list for PBXNativeTarget "Cookbook" */;
			buildPhases = (
				342306772B7D962E00DF7574 /* Sources */,
				342306782B7D962E00DF7574 /* Frameworks */,
				342306792B7D962E00DF7574 /* Resources */,
			);
			buildRules = (
			);
			dependencies = (
			);
			name = Cookbook;
			productName = Cookbook;
			productReference = 3423067B2B7D962E00DF7574 /* Cookbook.app */;
			productType = "com.apple.product-type.application";
		};
		346640742B83BEFE00B4BCA7 /* CookbookTests */ = {
			isa = PBXNativeTarget;
			buildConfigurationList = 3466407B2B83BEFE00B4BCA7 /* Build configuration list for PBXNativeTarget "CookbookTests" */;
			buildPhases = (
				346640712B83BEFE00B4BCA7 /* Sources */,
				346640722B83BEFE00B4BCA7 /* Frameworks */,
				346640732B83BEFE00B4BCA7 /* Resources */,
			);
			buildRules = (
			);
			dependencies = (
				3466407A2B83BEFE00B4BCA7 /* PBXTargetDependency */,
			);
			name = CookbookTests;
			productName = CookbookTests;
			productReference = 346640752B83BEFE00B4BCA7 /* CookbookTests.xctest */;
			productType = "com.apple.product-type.bundle.unit-test";
		};
/* End PBXNativeTarget section */

/* Begin PBXProject section */
		342306732B7D962E00DF7574 /* Project object */ = {
			isa = PBXProject;
			attributes = {
				BuildIndependentTargetsInParallel = 1;
				LastSwiftUpdateCheck = 1520;
				LastUpgradeCheck = 1520;
				TargetAttributes = {
					3423067A2B7D962E00DF7574 = {
						CreatedOnToolsVersion = 15.2;
					};
					346640742B83BEFE00B4BCA7 = {
						CreatedOnToolsVersion = 15.2;
						TestTargetID = 3423067A2B7D962E00DF7574;
					};
				};
			};
			buildConfigurationList = 342306762B7D962E00DF7574 /* Build configuration list for PBXProject "Cookbook" */;
			compatibilityVersion = "Xcode 14.0";
			developmentRegion = en;
			hasScannedForEncodings = 0;
			knownRegions = (
				en,
				Base,
			);
			mainGroup = 342306722B7D962E00DF7574;
			productRefGroup = 3423067C2B7D962E00DF7574 /* Products */;
			projectDirPath = "";
			projectRoot = "";
			targets = (
				3423067A2B7D962E00DF7574 /* Cookbook */,
				346640742B83BEFE00B4BCA7 /* CookbookTests */,
			);
		};
/* End PBXProject section */

/* Begin PBXResourcesBuildPhase section */
		342306792B7D962E00DF7574 /* Resources */ = {
			isa = PBXResourcesBuildPhase;
			buildActionMask = 2147483647;
			files = (
				342306862B7D963200DF7574 /* Preview Assets.xcassets in Resources */,
				342306832B7D963200DF7574 /* Assets.xcassets in Resources */,
				342306C12B7D97F000DF7574 /* Localizable.xcstrings in Resources */,
			);
			runOnlyForDeploymentPostprocessing = 0;
		};
		346640732B83BEFE00B4BCA7 /* Resources */ = {
			isa = PBXResourcesBuildPhase;
			buildActionMask = 2147483647;
			files = (
			);
			runOnlyForDeploymentPostprocessing = 0;
		};
/* End PBXResourcesBuildPhase section */

/* Begin PBXSourcesBuildPhase section */
		342306772B7D962E00DF7574 /* Sources */ = {
			isa = PBXSourcesBuildPhase;
			buildActionMask = 2147483647;
			files = (
				342306B82B7D976400DF7574 /* ImageRepository.swift in Sources */,
				342306952B7D972F00DF7574 /* PersistentContainer.swift in Sources */,
				342306B92B7D976400DF7574 /* CookbookRepository.swift in Sources */,
				342306B52B7D976400DF7574 /* Ingredient.swift in Sources */,
				3423068B2B7D963200DF7574 /* Cookbook.xcdatamodeld in Sources */,
				342306B22B7D976400DF7574 /* MealCategory.swift in Sources */,
				342306B12B7D976400DF7574 /* TheMealDBService.swift in Sources */,
				342306B32B7D976400DF7574 /* Meal.swift in Sources */,
				342306BA2B7D976400DF7574 /* MealCategoryView.swift in Sources */,
				342306B42B7D976400DF7574 /* MealCategoryResponse.swift in Sources */,
				340097252B871B9100E03398 /* MealView.swift in Sources */,
				342306BF2B7D976400DF7574 /* MealListView.swift in Sources */,
				342306AF2B7D976400DF7574 /* Recipe.swift in Sources */,
				342306BC2B7D976400DF7574 /* CookbookView.swift in Sources */,
				342306BE2B7D976400DF7574 /* ContentView.swift in Sources */,
				342306BB2B7D976400DF7574 /* RecipeView.swift in Sources */,
				342306B02B7D976400DF7574 /* MealResponse.swift in Sources */,
				342306AE2B7D976400DF7574 /* RecipeResponse.swift in Sources */,
				342306B72B7D976400DF7574 /* ServiceClient.swift in Sources */,
				342306AD2B7D976400DF7574 /* ImageService.swift in Sources */,
				342306B62B7D976400DF7574 /* ServiceError.swift in Sources */,
				3423067F2B7D962E00DF7574 /* CookbookApp.swift in Sources */,
				342306BD2B7D976400DF7574 /* SplashView.swift in Sources */,
			);
			runOnlyForDeploymentPostprocessing = 0;
		};
		346640712B83BEFE00B4BCA7 /* Sources */ = {
			isa = PBXSourcesBuildPhase;
			buildActionMask = 2147483647;
			files = (
				346640782B83BEFE00B4BCA7 /* CookbookTests.swift in Sources */,
			);
			runOnlyForDeploymentPostprocessing = 0;
		};
/* End PBXSourcesBuildPhase section */

/* Begin PBXTargetDependency section */
		3466407A2B83BEFE00B4BCA7 /* PBXTargetDependency */ = {
			isa = PBXTargetDependency;
			target = 3423067A2B7D962E00DF7574 /* Cookbook */;
			targetProxy = 346640792B83BEFE00B4BCA7 /* PBXContainerItemProxy */;
		};
/* End PBXTargetDependency section */

/* Begin XCBuildConfiguration section */
		3423068C2B7D963200DF7574 /* Debug */ = {
			isa = XCBuildConfiguration;
			buildSettings = {
				ALWAYS_SEARCH_USER_PATHS = NO;
				ASSETCATALOG_COMPILER_GENERATE_SWIFT_ASSET_SYMBOL_EXTENSIONS = YES;
				CLANG_ANALYZER_NONNULL = YES;
				CLANG_ANALYZER_NUMBER_OBJECT_CONVERSION = YES_AGGRESSIVE;
				CLANG_CXX_LANGUAGE_STANDARD = "gnu++20";
				CLANG_ENABLE_MODULES = YES;
				CLANG_ENABLE_OBJC_ARC = YES;
				CLANG_ENABLE_OBJC_WEAK = YES;
				CLANG_WARN_BLOCK_CAPTURE_AUTORELEASING = YES;
				CLANG_WARN_BOOL_CONVERSION = YES;
				CLANG_WARN_COMMA = YES;
				CLANG_WARN_CONSTANT_CONVERSION = YES;
				CLANG_WARN_DEPRECATED_OBJC_IMPLEMENTATIONS = YES;
				CLANG_WARN_DIRECT_OBJC_ISA_USAGE = YES_ERROR;
				CLANG_WARN_DOCUMENTATION_COMMENTS = YES;
				CLANG_WARN_EMPTY_BODY = YES;
				CLANG_WARN_ENUM_CONVERSION = YES;
				CLANG_WARN_INFINITE_RECURSION = YES;
				CLANG_WARN_INT_CONVERSION = YES;
				CLANG_WARN_NON_LITERAL_NULL_CONVERSION = YES;
				CLANG_WARN_OBJC_IMPLICIT_RETAIN_SELF = YES;
				CLANG_WARN_OBJC_LITERAL_CONVERSION = YES;
				CLANG_WARN_OBJC_ROOT_CLASS = YES_ERROR;
				CLANG_WARN_QUOTED_INCLUDE_IN_FRAMEWORK_HEADER = YES;
				CLANG_WARN_RANGE_LOOP_ANALYSIS = YES;
				CLANG_WARN_STRICT_PROTOTYPES = YES;
				CLANG_WARN_SUSPICIOUS_MOVE = YES;
				CLANG_WARN_UNGUARDED_AVAILABILITY = YES_AGGRESSIVE;
				CLANG_WARN_UNREACHABLE_CODE = YES;
				CLANG_WARN__DUPLICATE_METHOD_MATCH = YES;
				COPY_PHASE_STRIP = NO;
				DEBUG_INFORMATION_FORMAT = dwarf;
				ENABLE_STRICT_OBJC_MSGSEND = YES;
				ENABLE_TESTABILITY = YES;
				ENABLE_USER_SCRIPT_SANDBOXING = YES;
				GCC_C_LANGUAGE_STANDARD = gnu17;
				GCC_DYNAMIC_NO_PIC = NO;
				GCC_NO_COMMON_BLOCKS = YES;
				GCC_OPTIMIZATION_LEVEL = 0;
				GCC_PREPROCESSOR_DEFINITIONS = (
					"DEBUG=1",
					"$(inherited)",
				);
				GCC_WARN_64_TO_32_BIT_CONVERSION = YES;
				GCC_WARN_ABOUT_RETURN_TYPE = YES_ERROR;
				GCC_WARN_UNDECLARED_SELECTOR = YES;
				GCC_WARN_UNINITIALIZED_AUTOS = YES_AGGRESSIVE;
				GCC_WARN_UNUSED_FUNCTION = YES;
				GCC_WARN_UNUSED_VARIABLE = YES;
				IPHONEOS_DEPLOYMENT_TARGET = 17.2;
				LOCALIZATION_PREFERS_STRING_CATALOGS = YES;
				MTL_ENABLE_DEBUG_INFO = INCLUDE_SOURCE;
				MTL_FAST_MATH = YES;
				ONLY_ACTIVE_ARCH = YES;
				SDKROOT = iphoneos;
				SWIFT_ACTIVE_COMPILATION_CONDITIONS = "DEBUG $(inherited)";
				SWIFT_OPTIMIZATION_LEVEL = "-Onone";
			};
			name = Debug;
		};
		3423068D2B7D963200DF7574 /* Release */ = {
			isa = XCBuildConfiguration;
			buildSettings = {
				ALWAYS_SEARCH_USER_PATHS = NO;
				ASSETCATALOG_COMPILER_GENERATE_SWIFT_ASSET_SYMBOL_EXTENSIONS = YES;
				CLANG_ANALYZER_NONNULL = YES;
				CLANG_ANALYZER_NUMBER_OBJECT_CONVERSION = YES_AGGRESSIVE;
				CLANG_CXX_LANGUAGE_STANDARD = "gnu++20";
				CLANG_ENABLE_MODULES = YES;
				CLANG_ENABLE_OBJC_ARC = YES;
				CLANG_ENABLE_OBJC_WEAK = YES;
				CLANG_WARN_BLOCK_CAPTURE_AUTORELEASING = YES;
				CLANG_WARN_BOOL_CONVERSION = YES;
				CLANG_WARN_COMMA = YES;
				CLANG_WARN_CONSTANT_CONVERSION = YES;
				CLANG_WARN_DEPRECATED_OBJC_IMPLEMENTATIONS = YES;
				CLANG_WARN_DIRECT_OBJC_ISA_USAGE = YES_ERROR;
				CLANG_WARN_DOCUMENTATION_COMMENTS = YES;
				CLANG_WARN_EMPTY_BODY = YES;
				CLANG_WARN_ENUM_CONVERSION = YES;
				CLANG_WARN_INFINITE_RECURSION = YES;
				CLANG_WARN_INT_CONVERSION = YES;
				CLANG_WARN_NON_LITERAL_NULL_CONVERSION = YES;
				CLANG_WARN_OBJC_IMPLICIT_RETAIN_SELF = YES;
				CLANG_WARN_OBJC_LITERAL_CONVERSION = YES;
				CLANG_WARN_OBJC_ROOT_CLASS = YES_ERROR;
				CLANG_WARN_QUOTED_INCLUDE_IN_FRAMEWORK_HEADER = YES;
				CLANG_WARN_RANGE_LOOP_ANALYSIS = YES;
				CLANG_WARN_STRICT_PROTOTYPES = YES;
				CLANG_WARN_SUSPICIOUS_MOVE = YES;
				CLANG_WARN_UNGUARDED_AVAILABILITY = YES_AGGRESSIVE;
				CLANG_WARN_UNREACHABLE_CODE = YES;
				CLANG_WARN__DUPLICATE_METHOD_MATCH = YES;
				COPY_PHASE_STRIP = NO;
				DEBUG_INFORMATION_FORMAT = "dwarf-with-dsym";
				ENABLE_NS_ASSERTIONS = NO;
				ENABLE_STRICT_OBJC_MSGSEND = YES;
				ENABLE_USER_SCRIPT_SANDBOXING = YES;
				GCC_C_LANGUAGE_STANDARD = gnu17;
				GCC_NO_COMMON_BLOCKS = YES;
				GCC_WARN_64_TO_32_BIT_CONVERSION = YES;
				GCC_WARN_ABOUT_RETURN_TYPE = YES_ERROR;
				GCC_WARN_UNDECLARED_SELECTOR = YES;
				GCC_WARN_UNINITIALIZED_AUTOS = YES_AGGRESSIVE;
				GCC_WARN_UNUSED_FUNCTION = YES;
				GCC_WARN_UNUSED_VARIABLE = YES;
				IPHONEOS_DEPLOYMENT_TARGET = 17.2;
				LOCALIZATION_PREFERS_STRING_CATALOGS = YES;
				MTL_ENABLE_DEBUG_INFO = NO;
				MTL_FAST_MATH = YES;
				SDKROOT = iphoneos;
				SWIFT_COMPILATION_MODE = wholemodule;
				VALIDATE_PRODUCT = YES;
			};
			name = Release;
		};
		3423068F2B7D963200DF7574 /* Debug */ = {
			isa = XCBuildConfiguration;
			buildSettings = {
				ASSETCATALOG_COMPILER_APPICON_NAME = AppIcon;
				ASSETCATALOG_COMPILER_GLOBAL_ACCENT_COLOR_NAME = AccentColor;
				CODE_SIGN_STYLE = Automatic;
				CURRENT_PROJECT_VERSION = 1;
				DEVELOPMENT_ASSET_PATHS = "\"Cookbook/Preview Content\"";
				DEVELOPMENT_TEAM = LFMZ8D3MSV;
				ENABLE_PREVIEWS = YES;
				GENERATE_INFOPLIST_FILE = YES;
				INFOPLIST_KEY_UIApplicationSceneManifest_Generation = YES;
				INFOPLIST_KEY_UIApplicationSupportsIndirectInputEvents = YES;
				INFOPLIST_KEY_UILaunchScreen_Generation = YES;
				INFOPLIST_KEY_UISupportedInterfaceOrientations = "UIInterfaceOrientationPortrait UIInterfaceOrientationPortraitUpsideDown";
				INFOPLIST_KEY_UISupportedInterfaceOrientations_iPad = "UIInterfaceOrientationLandscapeLeft UIInterfaceOrientationLandscapeRight UIInterfaceOrientationPortrait UIInterfaceOrientationPortraitUpsideDown";
				LD_RUNPATH_SEARCH_PATHS = (
					"$(inherited)",
					"@executable_path/Frameworks",
				);
				MARKETING_VERSION = 1.0;
				PRODUCT_BUNDLE_IDENTIFIER = com.codingexample.Cookbook;
				PRODUCT_NAME = "$(TARGET_NAME)";
				SWIFT_EMIT_LOC_STRINGS = YES;
				SWIFT_VERSION = 5.0;
				TARGETED_DEVICE_FAMILY = "1,2";
			};
			name = Debug;
		};
		342306902B7D963200DF7574 /* Release */ = {
			isa = XCBuildConfiguration;
			buildSettings = {
				ASSETCATALOG_COMPILER_APPICON_NAME = AppIcon;
				ASSETCATALOG_COMPILER_GLOBAL_ACCENT_COLOR_NAME = AccentColor;
				CODE_SIGN_STYLE = Automatic;
				CURRENT_PROJECT_VERSION = 1;
				DEVELOPMENT_ASSET_PATHS = "\"Cookbook/Preview Content\"";
				DEVELOPMENT_TEAM = LFMZ8D3MSV;
				ENABLE_PREVIEWS = YES;
				GENERATE_INFOPLIST_FILE = YES;
				INFOPLIST_KEY_UIApplicationSceneManifest_Generation = YES;
				INFOPLIST_KEY_UIApplicationSupportsIndirectInputEvents = YES;
				INFOPLIST_KEY_UILaunchScreen_Generation = YES;
				INFOPLIST_KEY_UISupportedInterfaceOrientations = "UIInterfaceOrientationPortrait UIInterfaceOrientationPortraitUpsideDown";
				INFOPLIST_KEY_UISupportedInterfaceOrientations_iPad = "UIInterfaceOrientationLandscapeLeft UIInterfaceOrientationLandscapeRight UIInterfaceOrientationPortrait UIInterfaceOrientationPortraitUpsideDown";
				LD_RUNPATH_SEARCH_PATHS = (
					"$(inherited)",
					"@executable_path/Frameworks",
				);
				MARKETING_VERSION = 1.0;
				PRODUCT_BUNDLE_IDENTIFIER = com.codingexample.Cookbook;
				PRODUCT_NAME = "$(TARGET_NAME)";
				SWIFT_EMIT_LOC_STRINGS = YES;
				SWIFT_VERSION = 5.0;
				TARGETED_DEVICE_FAMILY = "1,2";
			};
			name = Release;
		};
		3466407C2B83BEFE00B4BCA7 /* Debug */ = {
			isa = XCBuildConfiguration;
			buildSettings = {
				BUNDLE_LOADER = "$(TEST_HOST)";
				CODE_SIGN_STYLE = Automatic;
				CURRENT_PROJECT_VERSION = 1;
				DEVELOPMENT_TEAM = LFMZ8D3MSV;
				GENERATE_INFOPLIST_FILE = YES;
				MARKETING_VERSION = 1.0;
				PRODUCT_BUNDLE_IDENTIFIER = com.codingexample.CookbookTests;
				PRODUCT_NAME = "$(TARGET_NAME)";
				SWIFT_EMIT_LOC_STRINGS = NO;
				SWIFT_VERSION = 5.0;
				TARGETED_DEVICE_FAMILY = "1,2";
				TEST_HOST = "$(BUILT_PRODUCTS_DIR)/Cookbook.app/$(BUNDLE_EXECUTABLE_FOLDER_PATH)/Cookbook";
			};
			name = Debug;
		};
		3466407D2B83BEFE00B4BCA7 /* Release */ = {
			isa = XCBuildConfiguration;
			buildSettings = {
				BUNDLE_LOADER = "$(TEST_HOST)";
				CODE_SIGN_STYLE = Automatic;
				CURRENT_PROJECT_VERSION = 1;
				DEVELOPMENT_TEAM = LFMZ8D3MSV;
				GENERATE_INFOPLIST_FILE = YES;
				MARKETING_VERSION = 1.0;
				PRODUCT_BUNDLE_IDENTIFIER = com.codingexample.CookbookTests;
				PRODUCT_NAME = "$(TARGET_NAME)";
				SWIFT_EMIT_LOC_STRINGS = NO;
				SWIFT_VERSION = 5.0;
				TARGETED_DEVICE_FAMILY = "1,2";
				TEST_HOST = "$(BUILT_PRODUCTS_DIR)/Cookbook.app/$(BUNDLE_EXECUTABLE_FOLDER_PATH)/Cookbook";
			};
			name = Release;
		};
/* End XCBuildConfiguration section */

/* Begin XCConfigurationList section */
		342306762B7D962E00DF7574 /* Build configuration list for PBXProject "Cookbook" */ = {
			isa = XCConfigurationList;
			buildConfigurations = (
				3423068C2B7D963200DF7574 /* Debug */,
				3423068D2B7D963200DF7574 /* Release */,
			);
			defaultConfigurationIsVisible = 0;
			defaultConfigurationName = Release;
		};
		3423068E2B7D963200DF7574 /* Build configuration list for PBXNativeTarget "Cookbook" */ = {
			isa = XCConfigurationList;
			buildConfigurations = (
				3423068F2B7D963200DF7574 /* Debug */,
				342306902B7D963200DF7574 /* Release */,
			);
			defaultConfigurationIsVisible = 0;
			defaultConfigurationName = Release;
		};
		3466407B2B83BEFE00B4BCA7 /* Build configuration list for PBXNativeTarget "CookbookTests" */ = {
			isa = XCConfigurationList;
			buildConfigurations = (
				3466407C2B83BEFE00B4BCA7 /* Debug */,
				3466407D2B83BEFE00B4BCA7 /* Release */,
			);
			defaultConfigurationIsVisible = 0;
			defaultConfigurationName = Release;
		};
/* End XCConfigurationList section */

/* Begin XCVersionGroup section */
		342306892B7D963200DF7574 /* Cookbook.xcdatamodeld */ = {
			isa = XCVersionGroup;
			children = (
				3423068A2B7D963200DF7574 /* Cookbook.xcdatamodel */,
			);
			currentVersion = 3423068A2B7D963200DF7574 /* Cookbook.xcdatamodel */;
			path = Cookbook.xcdatamodeld;
			sourceTree = "<group>";
			versionGroupType = wrapper.xcdatamodel;
		};
/* End XCVersionGroup section */
	};
	rootObject = 342306732B7D962E00DF7574 /* Project object */;
}
